# This file is automatically @generated by Cargo.
# It is not intended for manual editing.
version = 4

[[package]]
name = "aurorix-app"
version = "0.1.0"

[[package]]
name = "aurorix-audio"
version = "0.1.0"

[[package]]
name = "aurorix-extensions"
version = "0.1.0"

[[package]]
name = "aurorix-ffi-c"
version = "0.1.0"

[[package]]
name = "aurorix-ffi-uniffi"
version = "0.1.0"

[[package]]
name = "aurorix-library"
version = "0.1.0"

[[package]]
name = "aurorix-model"
version = "0.1.0"

[[package]]
name = "aurorix-playback"
version = "0.1.0"

[[package]]
name = "aurorix-storage"
version = "0.1.0"

[[package]]
name = "aurorix-sync"
version = "0.1.0"
